# This file is automatically @generated by Cargo.
# It is not intended for manual editing.
version = 3

[[package]]
name = "libc"
version = "0.2.182"
source = "registry+https://github.com/rust-lang/crates.io-index"
checksum = "6800badb6cb2082ffd7b6a67e6125bb39f18782f793520caee8cb8846be06112"

[[package]]
name = "rtlsdr"
version = "0.1.4"
source = "registry+https://github.com/rust-lang/crates.io-index"
checksum = "136ba5e46b0edd188e277916fed8f5a7f6810622ec49e03831244f79c7cdfb3e"
dependencies = [
 "libc",
]

[[package]]
name = "sdr-dump"
version = "0.1.0"
dependencies = [
 "rtlsdr",
]
